{
  "name": "task-6.1",
  "version": "1.0.0",
  "lockfileVersion": 3,
  "requires": true,
  "packages": {
    "": {
      "name": "task-6.1",
      "version": "1.0.0",
      "license": "ISC",
      "dependencies": {
        "@babel/parser": "~7.1.0"
      }
    },
    "node_modules/@babel/parser": {
      "version": "7.1.6",
      "resolved": "https://registry.npmjs.org/@babel/parser/-/parser-7.1.6.tgz",
      "integrity": "sha512-dWP6LJm9nKT6ALaa+bnL247GHHMWir3vSlZ2+IHgHgktZQx0L3Uvq2uAWcuzIe+fujRsYWBW2q622C5UvGK9iQ==",
      "bin": {
        "parser": "bin/babel-parser.js"
      },
      "engines": {
        "node": ">=6.0.0"
      }
    }
  }
}
